
Microsoft Visual Studio Solution File, Format Version 12.00
# Visual Studio Version 17
VisualStudioVersion = 17.6.33801.468
MinimumVisualStudioVersion = 10.0.40219.1
Project("{FAE04EC0-301F-11D3-BF4B-00C04F79EFBC}") = "bai 1", "bai 1\bai 1.csproj", "{5BF57B99-8475-4EE8-8528-B965043A31B8}"
EndProject
Project("{FAE04EC0-301F-11D3-BF4B-00C04F79EFBC}") = "Demo", "Demo\Demo.csproj", "{12F67B9E-935C-45C3-840B-CF0609ED628B}"
EndProject
Project("{FAE04EC0-301F-11D3-BF4B-00C04F79EFBC}") = "Bai 2", "Bai 2\Bai 2.csproj", "{C3A2323E-BA8E-4AFC-9DB0-4158DD9233FA}"
EndProject
Project("{FAE04EC0-301F-11D3-BF4B-00C04F79EFBC}") = "Bai 3", "Bai 3\Bai 3.csproj", "{3F2C8A15-E45C-483C-8256-A6EED8826181}"
EndProject
Global
	GlobalSection(SolutionConfigurationPlatforms) = preSolution
		Debug|Any CPU = Debug|Any CPU
		Release|Any CPU = Release|Any CPU
	EndGlobalSection
	GlobalSection(ProjectConfigurationPlatforms) = postSolution
		{5BF57B99-8475-4EE8-8528-B965043A31B8}.Debug|Any CPU.ActiveCfg = Debug|Any CPU
		{5BF57B99-8475-4EE8-8528-B965043A31B8}.Debug|Any CPU.Build.0 = Debug|Any CPU
		{5BF57B99-8475-4EE8-8528-B965043A31B8}.Release|Any CPU.ActiveCfg = Release|Any CPU
		{5BF57B99-8475-4EE8-8528-B965043A31B8}.Release|Any CPU.Build.0 = Release|Any CPU
		{12F67B9E-935C-45C3-840B-CF0609ED628B}.Debug|Any CPU.ActiveCfg = Debug|Any CPU
		{12F67B9E-935C-45C3-840B-CF0609ED628B}.Debug|Any CPU.Build.0 = Debug|Any CPU
		{12F67B9E-935C-45C3-840B-CF0609ED628B}.Release|Any CPU.ActiveCfg = Release|Any CPU
		{12F67B9E-935C-45C3-840B-CF0609ED628B}.Release|Any CPU.Build.0 = Release|Any CPU
		{C3A2323E-BA8E-4AFC-9DB0-4158DD9233FA}.Debug|Any CPU.ActiveCfg = Debug|Any CPU
		{C3A2323E-BA8E-4AFC-9DB0-4158DD9233FA}.Debug|Any CPU.Build.0 = Debug|Any CPU
		{C3A2323E-BA8E-4AFC-9DB0-4158DD9233FA}.Release|Any CPU.ActiveCfg = Release|Any CPU
		{C3A2323E-BA8E-4AFC-9DB0-4158DD9233FA}.Release|Any CPU.Build.0 = Release|Any CPU
		{3F2C8A15-E45C-483C-8256-A6EED8826181}.Debug|Any CPU.ActiveCfg = Debug|Any CPU
		{3F2C8A15-E45C-483C-8256-A6EED8826181}.Debug|Any CPU.Build.0 = Debug|Any CPU
		{3F2C8A15-E45C-483C-8256-A6EED8826181}.Release|Any CPU.ActiveCfg = Release|Any CPU
		{3F2C8A15-E45C-483C-8256-A6EED8826181}.Release|Any CPU.Build.0 = Release|Any CPU
	EndGlobalSection
	GlobalSection(SolutionProperties) = preSolution
		HideSolutionNode = FALSE
	EndGlobalSection
	GlobalSection(ExtensibilityGlobals) = postSolution
		SolutionGuid = {00BBC34F-DF50-420C-A27B-470A6A470022}
	EndGlobalSection
EndGlobal
